{
  "nodes": {
    "dank-qml-common": {
      "flake": false,
      "locked": {
        "lastModified": 1788376015,
        "narHash": "sha256-/tT8rTznLADndTwLBzdgzzgfJH1ZhYQibYo5v/F8U+U=",
        "owner": "AvengeMedia",
        "repo": "dank-qml-common",
        "rev": "26396ce432d6c71c3f5367438f96f4a8d667e160",
        "type": "github"
      },
      "original": {
        "owner": "AvengeMedia",
        "repo": "dank-qml-common",
        "type": "github"
      }
    },
    "dms": {
      "inputs": {
        "dank-qml-common": "dank-qml-common",
        "flake-compat": "flake-compat",
        "nixpkgs": [
          "nixpkgs"
        ]
      },
      "locked": {
        "lastModified": 1788882602,
        "narHash": "sha256-ONZ6gFlHCgDSy9YqqP1g3lPW3PuLTc0ftroDMy6xBis=",
        "owner": "avengemedia",
        "repo": "dankmaterialshell",
        "rev": "8fe918ff2408eccf2b26997524598e129e8fa14c",
        "type": "github"
      },
      "original": {
        "owner": "avengemedia",
        "repo": "dankmaterialshell",
        "type": "github"
      }
    },
    "fenix": {
      "inputs": {
        "nixpkgs": [
          "nixpkgs"
        ],
        "rust-analyzer-src": "rust-analyzer-src"
      },
      "locked": {
        "lastModified": 1788865058,
        "narHash": "sha256-ZkvwEHlSa46BkODMEwHCEh9hlUC2igneJ+noEUn9ww4=",
        "owner": "nix-community",
        "repo": "fenix",
        "rev": "9efa138447c5773995d98d9aafa9eba4982aceab",
        "type": "github"
      },
      "original": {
        "owner": "nix-community",
        "repo": "fenix",
        "type": "github"
      }
    },
    "flake-compat": {
      "flake": false,
      "locked": {
        "lastModified": 1767039857,
        "narHash": "sha256-vNpUSpF5Nuw8xvDLj2KCwwksIbjua2LZCqhV1LNRDns=",
        "owner": "NixOS",
        "repo": "flake-compat",
        "rev": "5edf11c44bc78a0d334f6334cdaf7d60d732daab",
        "type": "github"
      },
      "original": {
        "owner": "NixOS",
        "repo": "flake-compat",
        "type": "github"
      }
    },
    "flake-parts": {
      "inputs": {
        "nixpkgs-lib": "nixpkgs-lib"
      },
      "locked": {
        "lastModified": 1782949081,
        "narHash": "sha256-vp6Y/Grm98ESt6ceOkWiHWyZRDV3J1RID4w+6NWK9yA=",
        "owner": "hercules-ci",
        "repo": "flake-parts",
        "rev": "17c9d6cdfc60c64f4ee8d306f9bc0b4ccb51481e",
        "type": "github"
      },
      "original": {
        "owner": "hercules-ci",
        "repo": "flake-parts",
        "type": "github"
      }
    },
    "flake-utils": {
      "inputs": {
        "systems": [
          "mangowm",
          "scenefx",
          "systems"
        ]
      },
      "locked": {
        "lastModified": 1731533236,
        "narHash": "sha256-l0KFg5HjrsfsO/JpG+r7fRrqm12kzFHyUHqHCVpMMbI=",
        "owner": "numtide",
        "repo": "flake-utils",
        "rev": "11707dc2f618dd54ca8739b309ec4fc024de578b",
        "type": "github"
      },
      "original": {
        "owner": "numtide",
        "repo": "flake-utils",
        "type": "github"
      }
    },
    "home-manager": {
      "inputs": {
        "nixpkgs": [
          "nixpkgs"
        ]
      },
      "locked": {
        "lastModified": 1788651960,
        "narHash": "sha256-v9wJd32eZ2bvhBzVOd7TIjLQd011P7nwOhjKtWlci5I=",
        "owner": "nix-community",
        "repo": "home-manager",
        "rev": "2c0350c759688177331b8f5242311fae8877bdb3",
        "type": "github"
      },
      "original": {
        "owner": "nix-community",
        "repo": "home-manager",
        "type": "github"
      }
    },
    "kanata": {
      "flake": false,
      "locked": {
        "lastModified": 1788737035,
        "narHash": "sha256-maQhgVwKtyPmVMp20OTc4BvTBN5F+Vuk0iQk6C4ElXk=",
        "path": "/home/doanh/dotfiles/kanata",
        "type": "path"
      },
      "original": {
        "path": "/home/doanh/dotfiles/kanata",
        "type": "path"
      }
    },
    "mangowm": {
      "inputs": {
        "flake-parts": "flake-parts",
        "nixpkgs": [
          "nixpkgs"
        ],
        "scenefx": "scenefx"
      },
      "locked": {
        "lastModified": 1788879876,
        "narHash": "sha256-x/M8xG6qBGG+/CR+lvFC5DBX/iN0QfytQaLScQGipdE=",
        "owner": "mangowm",
        "repo": "mango",
        "rev": "82fa32b8133261086adc77ab67a1b7a84fe577ee",
        "type": "github"
      },
      "original": {
        "owner": "mangowm",
        "repo": "mango",
        "type": "github"
      }
    },
    "nixpkgs": {
      "locked": {
        "lastModified": 1788752844,
        "narHash": "sha256-VaWGJ6+cIYN2erfSecbRV+4ljI185Ty2wUrXyvQbgOw=",
        "owner": "NixOS",
        "repo": "nixpkgs",
        "rev": "dc5d91f840324650bac8c379428c7037a416959a",
        "type": "github"
      },
      "original": {
        "owner": "NixOS",
        "ref": "nixos-unstable",
        "repo": "nixpkgs",
        "type": "github"
      }
    },
    "nixpkgs-lib": {
      "locked": {
        "lastModified": 1782614948,
        "narHash": "sha256-ePjCwr1sNm9NYUqywL7QfK3JnlS015msC+eBu2zKlp8=",
        "owner": "nix-community",
        "repo": "nixpkgs.lib",
        "rev": "db3f255737b94216eb71cce308e2912cf6bc2d7c",
        "type": "github"
      },
      "original": {
        "owner": "nix-community",
        "repo": "nixpkgs.lib",
        "type": "github"
      }
    },
    "nixpkgs-old": {
      "locked": {
        "lastModified": 1767313136,
        "narHash": "sha256-16KkgfdYqjaeRGBaYsNrhPRRENs0qzkQVUooNHtoy2w=",
        "owner": "NixOS",
        "repo": "nixpkgs",
        "rev": "ac62194c3917d5f474c1a844b6fd6da2db95077d",
        "type": "github"
      },
      "original": {
        "owner": "NixOS",
        "ref": "nixos-25.05",
        "repo": "nixpkgs",
        "type": "github"
      }
    },
    "root": {
      "inputs": {
        "dms": "dms",
        "fenix": "fenix",
        "home-manager": "home-manager",
        "kanata": "kanata",
        "mangowm": "mangowm",
        "nixpkgs": "nixpkgs",
        "nixpkgs-old": "nixpkgs-old",
        "tuigreet-config": "tuigreet-config"
      }
    },
    "rust-analyzer-src": {
      "flake": false,
      "locked": {
        "lastModified": 1788794694,
        "narHash": "sha256-FROpcpM2ELawfxhW8cWuz8m3dp/0EFAFCiK+AbNw95w=",
        "owner": "rust-lang",
        "repo": "rust-analyzer",
        "rev": "48d839420745124e85140234ce783ccd90dab24e",
        "type": "github"
      },
      "original": {
        "owner": "rust-lang",
        "ref": "nightly",
        "repo": "rust-analyzer",
        "type": "github"
      }
    },
    "scenefx": {
      "inputs": {
        "flake-utils": "flake-utils",
        "nixpkgs": [
          "mangowm",
          "nixpkgs"
        ],
        "systems": "systems"
      },
      "locked": {
        "lastModified": 1782624992,
        "narHash": "sha256-vUjLG6eubEhJJVa9LPygIcVmNoHwYbSUTJcWEcbxnU4=",
        "owner": "wlrfx",
        "repo": "scenefx",
        "rev": "37ccd723bef49e6891156ffafce8f549f01446cc",
        "type": "github"
      },
      "original": {
        "owner": "wlrfx",
        "repo": "scenefx",
        "type": "github"
      }
    },
    "systems": {
      "locked": {
        "lastModified": 1689347949,
        "narHash": "sha256-12tWmuL2zgBgZkdoB6qXZsgJEH9LR3oUgpaQq2RbI80=",
        "owner": "nix-systems",
        "repo": "default-linux",
        "rev": "31732fcf5e8fea42e59c2488ad31a0e651500f68",
        "type": "github"
      },
      "original": {
        "owner": "nix-systems",
        "repo": "default-linux",
        "type": "github"
      }
    },
    "tuigreet-config": {
      "flake": false,
      "locked": {
        "lastModified": 1787355321,
        "narHash": "sha256-mjZssd9OpoSDFbjD5WrIZW8wQo6ktDo7HGIfFleMQHI=",
        "path": "/home/doanh/dotfiles/tuigreet",
        "type": "path"
      },
      "original": {
        "path": "/home/doanh/dotfiles/tuigreet",
        "type": "path"
      }
    }
  },
  "root": "root",
  "version": 7
}
